{
  "originHash" : "f4ce4b3294eba042e88d9d073c45c8b04f75d079876de3c836acda43822d019a",
  "pins" : [
    {
      "identity" : "arclogger",
      "kind" : "remoteSourceControl",
      "location" : "https://github.com/arclabs-studio/ARCLogger.git",
      "state" : {
        "revision" : "7b56390c44a437fc3861e5f7d5a69f114ade08e9",
        "version" : "1.0.0"
      }
    }
  ],
  "version" : 3
}
